
Microsoft Visual Studio Solution File, Format Version 12.00
# Visual Studio Version 17
VisualStudioVersion = 17.0.31903.59
MinimumVisualStudioVersion = 10.0.40219.1
Project("{2150E333-8FDC-42A3-9474-1A3956D46DE8}") = "samples", "samples", "{7DA49FBD-CAB8-48A6-B5EF-F4907224F323}"
EndProject
Project("{2150E333-8FDC-42A3-9474-1A3956D46DE8}") = "framework", "framework", "{1FE71CC5-8C74-4544-8EC5-2CF5006FAC60}"
EndProject
Project("{2150E333-8FDC-42A3-9474-1A3956D46DE8}") = "src", "src", "{C5ECF3F0-87F2-475D-B4A2-1B7E02DB975B}"
EndProject
Project("{2150E333-8FDC-42A3-9474-1A3956D46DE8}") = "db", "db", "{51409F04-C440-401A-9D36-AC4D84E74235}"
EndProject
Project("{2150E333-8FDC-42A3-9474-1A3956D46DE8}") = "dev", "dev", "{917B3A31-F982-474E-812C-7B0D9F09B5A0}"
EndProject
Project("{2150E333-8FDC-42A3-9474-1A3956D46DE8}") = "components", "components", "{D7B7E5C1-24A1-40BA-A7FE-4FD4432146BE}"
EndProject
Project("{2150E333-8FDC-42A3-9474-1A3956D46DE8}") = "infras", "infras", "{2BEA6C9E-D7BA-45F3-A7B8-F7BC6F641B22}"
EndProject
Project("{9A19103F-16F7-4668-BE54-9A1E7A4F7556}") = "Dev.ConsoleApp", "samples\dev\Dev.ConsoleApp\Dev.ConsoleApp.csproj", "{27D60637-AC04-4429-B53F-E84A25A77144}"
EndProject
Project("{2150E333-8FDC-42A3-9474-1A3956D46DE8}") = "layer", "layer", "{1F7E926F-B7EB-4455-8294-D502AD961490}"
EndProject
Project("{9A19103F-16F7-4668-BE54-9A1E7A4F7556}") = "Galosoft.IaaS.Quartz", "framework\src\Galosoft.IaaS.Quartz\Galosoft.IaaS.Quartz.csproj", "{83DC89BF-171E-4DDF-B47E-5EAEE5711359}"
EndProject
Project("{9A19103F-16F7-4668-BE54-9A1E7A4F7556}") = "Galosoft.IaaS.RabbitMQ", "framework\src\Galosoft.IaaS.RabbitMQ\Galosoft.IaaS.RabbitMQ.csproj", "{CC747013-2327-4293-8B90-BE83398BD378}"
EndProject
Project("{9A19103F-16F7-4668-BE54-9A1E7A4F7556}") = "Galosoft.IaaS.EntityFrameworkCore", "framework\src\Galosoft.IaaS.EntityFrameworkCore\Galosoft.IaaS.EntityFrameworkCore.csproj", "{135A8FDC-83C2-4D04-8BA9-CF534B61F12A}"
EndProject
Project("{9A19103F-16F7-4668-BE54-9A1E7A4F7556}") = "Galosoft.IaaS.Dev.Stopwatch", "framework\src\Galosoft.IaaS.Dev.Stopwatch\Galosoft.IaaS.Dev.Stopwatch.csproj", "{5EE0CA72-C1FA-4B03-B697-2B8AAA136ABB}"
EndProject
Project("{9A19103F-16F7-4668-BE54-9A1E7A4F7556}") = "Galosoft.IaaS.AspNetCore", "framework\src\Galosoft.IaaS.AspNetCore\Galosoft.IaaS.AspNetCore.csproj", "{ADCBC743-C119-4ED2-BFD9-DDC78DF4216B}"
EndProject
Project("{9A19103F-16F7-4668-BE54-9A1E7A4F7556}") = "Galosoft.IaaS.AspNetCore.SignalR", "framework\src\Galosoft.IaaS.AspNetCore.SignalR\Galosoft.IaaS.AspNetCore.SignalR.csproj", "{99C6FBD1-D8C7-4728-B589-A17D6B52FC86}"
EndProject
Project("{9A19103F-16F7-4668-BE54-9A1E7A4F7556}") = "Galosoft.IaaS.AspNetCore.SignalR.Client", "framework\src\Galosoft.IaaS.AspNetCore.SignalR.Client\Galosoft.IaaS.AspNetCore.SignalR.Client.csproj", "{26AE1ED0-22A1-4BE1-81CA-926F287724AB}"
EndProject
Project("{9A19103F-16F7-4668-BE54-9A1E7A4F7556}") = "Galosoft.IaaS.AspNetCore.SignalR.Core", "framework\src\Galosoft.IaaS.AspNetCore.SignalR.Core\Galosoft.IaaS.AspNetCore.SignalR.Core.csproj", "{AA6C1A1F-F7B2-47C1-AD1A-44E86F22C430}"
EndProject
Project("{9A19103F-16F7-4668-BE54-9A1E7A4F7556}") = "Galosoft.IaaS.ComponentModel", "framework\src\Galosoft.IaaS.ComponentModel\Galosoft.IaaS.ComponentModel.csproj", "{08113C18-29C1-4F0C-BDF1-9A8BBC9195BE}"
EndProject
Project("{9A19103F-16F7-4668-BE54-9A1E7A4F7556}") = "Galosoft.IaaS.Core", "framework\src\Galosoft.IaaS.Core\Galosoft.IaaS.Core.csproj", "{20FDE854-E0A4-4DE4-B080-43A8CCD4B281}"
EndProject
Project("{9A19103F-16F7-4668-BE54-9A1E7A4F7556}") = "Galosoft.IaaS.Nonce", "framework\src\Galosoft.IaaS.Nonce\Galosoft.IaaS.Nonce.csproj", "{745FA099-6FB2-4CE3-9D62-557911FB5DF7}"
EndProject
Project("{9A19103F-16F7-4668-BE54-9A1E7A4F7556}") = "Galosoft.IaaS.ObjectPool", "framework\src\Galosoft.IaaS.ObjectPool\Galosoft.IaaS.ObjectPool.csproj", "{0C8728FF-2D9E-40D8-8633-79E7F80F70E5}"
EndProject
Project("{9A19103F-16F7-4668-BE54-9A1E7A4F7556}") = "Galosoft.IaaS.Serilog", "framework\src\Galosoft.IaaS.Serilog\Galosoft.IaaS.Serilog.csproj", "{4380889B-ED45-48AC-AE60-1461F809DC64}"
EndProject
Project("{9A19103F-16F7-4668-BE54-9A1E7A4F7556}") = "Galosoft.IaaS.Swashbuckle", "framework\src\Galosoft.IaaS.Swashbuckle\Galosoft.IaaS.Swashbuckle.csproj", "{2B456604-3EC6-4098-B74E-3E2063FCFF24}"
EndProject
Project("{9A19103F-16F7-4668-BE54-9A1E7A4F7556}") = "Dev.API", "samples\dev\Dev.API\Dev.API.csproj", "{24B8D218-EBEF-48F0-BE8A-50A82FFE103B}"
EndProject
Project("{9A19103F-16F7-4668-BE54-9A1E7A4F7556}") = "Galosoft.IaaS.AspNetCore.DynamicApi", "framework\src\Galosoft.IaaS.AspNetCore.DynamicApi\Galosoft.IaaS.AspNetCore.DynamicApi.csproj", "{4F5C8CAD-7837-4205-B879-859601365E84}"
EndProject
Project("{9A19103F-16F7-4668-BE54-9A1E7A4F7556}") = "Dev.Application.Contracts", "samples\dev\Dev.Application.Contracts\Dev.Application.Contracts.csproj", "{2D761475-7613-4BEC-9007-ACB7E3DD5018}"
EndProject
Project("{9A19103F-16F7-4668-BE54-9A1E7A4F7556}") = "Dev.Application", "samples\dev\Dev.Application\Dev.Application.csproj", "{0727ADCA-E81D-4F9A-BEF6-691A2FB31C5D}"
EndProject
Project("{2150E333-8FDC-42A3-9474-1A3956D46DE8}") = "orleans", "orleans", "{DBB8FF9A-6F47-42CE-9BA4-8BADCA6CFCCF}"
EndProject
Project("{9A19103F-16F7-4668-BE54-9A1E7A4F7556}") = "OrleansSilo", "samples\orleans\OrleansSilo\OrleansSilo.csproj", "{3CA49268-2FC2-442E-B22F-B67D0ADEFE97}"
EndProject
Project("{2150E333-8FDC-42A3-9474-1A3956D46DE8}") = "Solution Items", "Solution Items", "{935D2B6A-1B86-4348-87AD-B4E321003313}"
	ProjectSection(SolutionItems) = preProject
		.editorconfig = .editorconfig
	EndProjectSection
EndProject
Project("{9A19103F-16F7-4668-BE54-9A1E7A4F7556}") = "Galosoft.IaaS.AspNetCore.AdminSafe", "framework\src\Galosoft.IaaS.AspNetCore.AdminSafe\Galosoft.IaaS.AspNetCore.AdminSafe.csproj", "{DDACA9CC-4D36-4F8C-AA1F-0F171475680C}"
EndProject
Project("{9A19103F-16F7-4668-BE54-9A1E7A4F7556}") = "Galosoft.IaaS.Redis", "framework\src\Galosoft.IaaS.Redis\Galosoft.IaaS.Redis.csproj", "{75C4FD1E-5FE2-4932-B868-E1D19A78CA02}"
EndProject
Project("{9A19103F-16F7-4668-BE54-9A1E7A4F7556}") = "Galosoft.IaaS.Dapper", "framework\src\Galosoft.IaaS.Dapper\Galosoft.IaaS.Dapper.csproj", "{90029C59-B1F9-4697-B767-9517D1C4EBBF}"
EndProject
Project("{9A19103F-16F7-4668-BE54-9A1E7A4F7556}") = "Dev.WpfApp", "samples\dev\Dev.WpfApp\Dev.WpfApp.csproj", "{A2C66874-F918-4149-AEFB-C805D3D7C660}"
EndProject
Project("{9A19103F-16F7-4668-BE54-9A1E7A4F7556}") = "Galosoft.IaaS.Castle", "framework\src\Galosoft.IaaS.Castle\Galosoft.IaaS.Castle.csproj", "{5B917315-EAB8-429A-8E79-CAEDCD2BB87B}"
EndProject
Project("{9A19103F-16F7-4668-BE54-9A1E7A4F7556}") = "Galosoft.IaaS.FluentValidation", "framework\src\Galosoft.IaaS.FluentValidation\Galosoft.IaaS.FluentValidation.csproj", "{1570C556-58C8-44A4-A0CB-A193899C0FEC}"
EndProject
Project("{2150E333-8FDC-42A3-9474-1A3956D46DE8}") = "ui", "ui", "{62A9D4D4-970B-4D03-A154-7897AD632ED4}"
EndProject
Project("{9A19103F-16F7-4668-BE54-9A1E7A4F7556}") = "Galosoft.IaaS.Wpf", "framework\src\Galosoft.IaaS.Wpf\Galosoft.IaaS.Wpf.csproj", "{9EF03656-EEED-4EBF-8ACD-D9C25BAD097B}"
EndProject
Project("{9A19103F-16F7-4668-BE54-9A1E7A4F7556}") = "Dev.Core", "samples\dev\Dev.Core\Dev.Core.csproj", "{1C62EC0B-FD45-4B65-9DCA-FCCC1C271D7F}"
EndProject
Project("{9A19103F-16F7-4668-BE54-9A1E7A4F7556}") = "Galosoft.IaaS.OpenTelemetry", "framework\src\Galosoft.IaaS.OpenTelemetry\Galosoft.IaaS.OpenTelemetry.csproj", "{D94247C6-E51A-408E-9606-971AD00EF730}"
EndProject
Project("{2150E333-8FDC-42A3-9474-1A3956D46DE8}") = "02 Application", "02 Application", "{91EAD754-8E36-4777-B6CB-498D3F65BA44}"
EndProject
Project("{2150E333-8FDC-42A3-9474-1A3956D46DE8}") = "01 用户中心", "01 用户中心", "{C24DF3E2-79A2-4ED2-83E3-9A671859989A}"
EndProject
Project("{FAE04EC0-301F-11D3-BF4B-00C04F79EFBC}") = "UserCenter.Application", "samples\dev\UserCenter.Application\UserCenter.Application.csproj", "{EC7AB9FB-1F41-4EC6-AB94-4C88789229D6}"
EndProject
Project("{2150E333-8FDC-42A3-9474-1A3956D46DE8}") = "00 示例", "00 示例", "{745D182B-4305-4B9B-A47B-BD62FB3F9D33}"
EndProject
Global
	GlobalSection(SolutionConfigurationPlatforms) = preSolution
		Debug|Any CPU = Debug|Any CPU
		Debug|x64 = Debug|x64
		Debug|x86 = Debug|x86
		Release|Any CPU = Release|Any CPU
		Release|x64 = Release|x64
		Release|x86 = Release|x86
	EndGlobalSection
	GlobalSection(ProjectConfigurationPlatforms) = postSolution
		{27D60637-AC04-4429-B53F-E84A25A77144}.Debug|Any CPU.ActiveCfg = Debug|Any CPU
		{27D60637-AC04-4429-B53F-E84A25A77144}.Debug|Any CPU.Build.0 = Debug|Any CPU
		{27D60637-AC04-4429-B53F-E84A25A77144}.Debug|x64.ActiveCfg = Debug|Any CPU
		{27D60637-AC04-4429-B53F-E84A25A77144}.Debug|x64.Build.0 = Debug|Any CPU
		{27D60637-AC04-4429-B53F-E84A25A77144}.Debug|x86.ActiveCfg = Debug|Any CPU
		{27D60637-AC04-4429-B53F-E84A25A77144}.Debug|x86.Build.0 = Debug|Any CPU
		{27D60637-AC04-4429-B53F-E84A25A77144}.Release|Any CPU.ActiveCfg = Release|Any CPU
		{27D60637-AC04-4429-B53F-E84A25A77144}.Release|Any CPU.Build.0 = Release|Any CPU
		{27D60637-AC04-4429-B53F-E84A25A77144}.Release|x64.ActiveCfg = Release|Any CPU
		{27D60637-AC04-4429-B53F-E84A25A77144}.Release|x64.Build.0 = Release|Any CPU
		{27D60637-AC04-4429-B53F-E84A25A77144}.Release|x86.ActiveCfg = Release|Any CPU
		{27D60637-AC04-4429-B53F-E84A25A77144}.Release|x86.Build.0 = Release|Any CPU
		{83DC89BF-171E-4DDF-B47E-5EAEE5711359}.Debug|Any CPU.ActiveCfg = Debug|Any CPU
		{83DC89BF-171E-4DDF-B47E-5EAEE5711359}.Debug|Any CPU.Build.0 = Debug|Any CPU
		{83DC89BF-171E-4DDF-B47E-5EAEE5711359}.Debug|x64.ActiveCfg = Debug|Any CPU
		{83DC89BF-171E-4DDF-B47E-5EAEE5711359}.Debug|x64.Build.0 = Debug|Any CPU
		{83DC89BF-171E-4DDF-B47E-5EAEE5711359}.Debug|x86.ActiveCfg = Debug|Any CPU
		{83DC89BF-171E-4DDF-B47E-5EAEE5711359}.Debug|x86.Build.0 = Debug|Any CPU
		{83DC89BF-171E-4DDF-B47E-5EAEE5711359}.Release|Any CPU.ActiveCfg = Release|Any CPU
		{83DC89BF-171E-4DDF-B47E-5EAEE5711359}.Release|Any CPU.Build.0 = Release|Any CPU
		{83DC89BF-171E-4DDF-B47E-5EAEE5711359}.Release|x64.ActiveCfg = Release|Any CPU
		{83DC89BF-171E-4DDF-B47E-5EAEE5711359}.Release|x64.Build.0 = Release|Any CPU
		{83DC89BF-171E-4DDF-B47E-5EAEE5711359}.Release|x86.ActiveCfg = Release|Any CPU
		{83DC89BF-171E-4DDF-B47E-5EAEE5711359}.Release|x86.Build.0 = Release|Any CPU
		{CC747013-2327-4293-8B90-BE83398BD378}.Debug|Any CPU.ActiveCfg = Debug|Any CPU
		{CC747013-2327-4293-8B90-BE83398BD378}.Debug|Any CPU.Build.0 = Debug|Any CPU
		{CC747013-2327-4293-8B90-BE83398BD378}.Debug|x64.ActiveCfg = Debug|Any CPU
		{CC747013-2327-4293-8B90-BE83398BD378}.Debug|x64.Build.0 = Debug|Any CPU
		{CC747013-2327-4293-8B90-BE83398BD378}.Debug|x86.ActiveCfg = Debug|Any CPU
		{CC747013-2327-4293-8B90-BE83398BD378}.Debug|x86.Build.0 = Debug|Any CPU
		{CC747013-2327-4293-8B90-BE83398BD378}.Release|Any CPU.ActiveCfg = Release|Any CPU
		{CC747013-2327-4293-8B90-BE83398BD378}.Release|Any CPU.Build.0 = Release|Any CPU
		{CC747013-2327-4293-8B90-BE83398BD378}.Release|x64.ActiveCfg = Release|Any CPU
		{CC747013-2327-4293-8B90-BE83398BD378}.Release|x64.Build.0 = Release|Any CPU
		{CC747013-2327-4293-8B90-BE83398BD378}.Release|x86.ActiveCfg = Release|Any CPU
		{CC747013-2327-4293-8B90-BE83398BD378}.Release|x86.Build.0 = Release|Any CPU
		{135A8FDC-83C2-4D04-8BA9-CF534B61F12A}.Debug|Any CPU.ActiveCfg = Debug|Any CPU
		{135A8FDC-83C2-4D04-8BA9-CF534B61F12A}.Debug|Any CPU.Build.0 = Debug|Any CPU
		{135A8FDC-83C2-4D04-8BA9-CF534B61F12A}.Debug|x64.ActiveCfg = Debug|Any CPU
		{135A8FDC-83C2-4D04-8BA9-CF534B61F12A}.Debug|x64.Build.0 = Debug|Any CPU
		{135A8FDC-83C2-4D04-8BA9-CF534B61F12A}.Debug|x86.ActiveCfg = Debug|Any CPU
		{135A8FDC-83C2-4D04-8BA9-CF534B61F12A}.Debug|x86.Build.0 = Debug|Any CPU
		{135A8FDC-83C2-4D04-8BA9-CF534B61F12A}.Release|Any CPU.ActiveCfg = Release|Any CPU
		{135A8FDC-83C2-4D04-8BA9-CF534B61F12A}.Release|Any CPU.Build.0 = Release|Any CPU
		{135A8FDC-83C2-4D04-8BA9-CF534B61F12A}.Release|x64.ActiveCfg = Release|Any CPU
		{135A8FDC-83C2-4D04-8BA9-CF534B61F12A}.Release|x64.Build.0 = Release|Any CPU
		{135A8FDC-83C2-4D04-8BA9-CF534B61F12A}.Release|x86.ActiveCfg = Release|Any CPU
		{135A8FDC-83C2-4D04-8BA9-CF534B61F12A}.Release|x86.Build.0 = Release|Any CPU
		{5EE0CA72-C1FA-4B03-B697-2B8AAA136ABB}.Debug|Any CPU.ActiveCfg = Debug|Any CPU
		{5EE0CA72-C1FA-4B03-B697-2B8AAA136ABB}.Debug|Any CPU.Build.0 = Debug|Any CPU
		{5EE0CA72-C1FA-4B03-B697-2B8AAA136ABB}.Debug|x64.ActiveCfg = Debug|Any CPU
		{5EE0CA72-C1FA-4B03-B697-2B8AAA136ABB}.Debug|x64.Build.0 = Debug|Any CPU
		{5EE0CA72-C1FA-4B03-B697-2B8AAA136ABB}.Debug|x86.ActiveCfg = Debug|Any CPU
		{5EE0CA72-C1FA-4B03-B697-2B8AAA136ABB}.Debug|x86.Build.0 = Debug|Any CPU
		{5EE0CA72-C1FA-4B03-B697-2B8AAA136ABB}.Release|Any CPU.ActiveCfg = Release|Any CPU
		{5EE0CA72-C1FA-4B03-B697-2B8AAA136ABB}.Release|Any CPU.Build.0 = Release|Any CPU
		{5EE0CA72-C1FA-4B03-B697-2B8AAA136ABB}.Release|x64.ActiveCfg = Release|Any CPU
		{5EE0CA72-C1FA-4B03-B697-2B8AAA136ABB}.Release|x64.Build.0 = Release|Any CPU
		{5EE0CA72-C1FA-4B03-B697-2B8AAA136ABB}.Release|x86.ActiveCfg = Release|Any CPU
		{5EE0CA72-C1FA-4B03-B697-2B8AAA136ABB}.Release|x86.Build.0 = Release|Any CPU
		{ADCBC743-C119-4ED2-BFD9-DDC78DF4216B}.Debug|Any CPU.ActiveCfg = Debug|Any CPU
		{ADCBC743-C119-4ED2-BFD9-DDC78DF4216B}.Debug|Any CPU.Build.0 = Debug|Any CPU
		{ADCBC743-C119-4ED2-BFD9-DDC78DF4216B}.Debug|x64.ActiveCfg = Debug|Any CPU
		{ADCBC743-C119-4ED2-BFD9-DDC78DF4216B}.Debug|x64.Build.0 = Debug|Any CPU
		{ADCBC743-C119-4ED2-BFD9-DDC78DF4216B}.Debug|x86.ActiveCfg = Debug|Any CPU
		{ADCBC743-C119-4ED2-BFD9-DDC78DF4216B}.Debug|x86.Build.0 = Debug|Any CPU
		{ADCBC743-C119-4ED2-BFD9-DDC78DF4216B}.Release|Any CPU.ActiveCfg = Release|Any CPU
		{ADCBC743-C119-4ED2-BFD9-DDC78DF4216B}.Release|Any CPU.Build.0 = Release|Any CPU
		{ADCBC743-C119-4ED2-BFD9-DDC78DF4216B}.Release|x64.ActiveCfg = Release|Any CPU
		{ADCBC743-C119-4ED2-BFD9-DDC78DF4216B}.Release|x64.Build.0 = Release|Any CPU
		{ADCBC743-C119-4ED2-BFD9-DDC78DF4216B}.Release|x86.ActiveCfg = Release|Any CPU
		{ADCBC743-C119-4ED2-BFD9-DDC78DF4216B}.Release|x86.Build.0 = Release|Any CPU
		{99C6FBD1-D8C7-4728-B589-A17D6B52FC86}.Debug|Any CPU.ActiveCfg = Debug|Any CPU
		{99C6FBD1-D8C7-4728-B589-A17D6B52FC86}.Debug|Any CPU.Build.0 = Debug|Any CPU
		{99C6FBD1-D8C7-4728-B589-A17D6B52FC86}.Debug|x64.ActiveCfg = Debug|Any CPU
		{99C6FBD1-D8C7-4728-B589-A17D6B52FC86}.Debug|x64.Build.0 = Debug|Any CPU
		{99C6FBD1-D8C7-4728-B589-A17D6B52FC86}.Debug|x86.ActiveCfg = Debug|Any CPU
		{99C6FBD1-D8C7-4728-B589-A17D6B52FC86}.Debug|x86.Build.0 = Debug|Any CPU
		{99C6FBD1-D8C7-4728-B589-A17D6B52FC86}.Release|Any CPU.ActiveCfg = Release|Any CPU
		{99C6FBD1-D8C7-4728-B589-A17D6B52FC86}.Release|Any CPU.Build.0 = Release|Any CPU
		{99C6FBD1-D8C7-4728-B589-A17D6B52FC86}.Release|x64.ActiveCfg = Release|Any CPU
		{99C6FBD1-D8C7-4728-B589-A17D6B52FC86}.Release|x64.Build.0 = Release|Any CPU
		{99C6FBD1-D8C7-4728-B589-A17D6B52FC86}.Release|x86.ActiveCfg = Release|Any CPU
		{99C6FBD1-D8C7-4728-B589-A17D6B52FC86}.Release|x86.Build.0 = Release|Any CPU
		{26AE1ED0-22A1-4BE1-81CA-926F287724AB}.Debug|Any CPU.ActiveCfg = Debug|Any CPU
		{26AE1ED0-22A1-4BE1-81CA-926F287724AB}.Debug|Any CPU.Build.0 = Debug|Any CPU
		{26AE1ED0-22A1-4BE1-81CA-926F287724AB}.Debug|x64.ActiveCfg = Debug|Any CPU
		{26AE1ED0-22A1-4BE1-81CA-926F287724AB}.Debug|x64.Build.0 = Debug|Any CPU
		{26AE1ED0-22A1-4BE1-81CA-926F287724AB}.Debug|x86.ActiveCfg = Debug|Any CPU
		{26AE1ED0-22A1-4BE1-81CA-926F287724AB}.Debug|x86.Build.0 = Debug|Any CPU
		{26AE1ED0-22A1-4BE1-81CA-926F287724AB}.Release|Any CPU.ActiveCfg = Release|Any CPU
		{26AE1ED0-22A1-4BE1-81CA-926F287724AB}.Release|Any CPU.Build.0 = Release|Any CPU
		{26AE1ED0-22A1-4BE1-81CA-926F287724AB}.Release|x64.ActiveCfg = Release|Any CPU
		{26AE1ED0-22A1-4BE1-81CA-926F287724AB}.Release|x64.Build.0 = Release|Any CPU
		{26AE1ED0-22A1-4BE1-81CA-926F287724AB}.Release|x86.ActiveCfg = Release|Any CPU
		{26AE1ED0-22A1-4BE1-81CA-926F287724AB}.Release|x86.Build.0 = Release|Any CPU
		{AA6C1A1F-F7B2-47C1-AD1A-44E86F22C430}.Debug|Any CPU.ActiveCfg = Debug|Any CPU
		{AA6C1A1F-F7B2-47C1-AD1A-44E86F22C430}.Debug|Any CPU.Build.0 = Debug|Any CPU
		{AA6C1A1F-F7B2-47C1-AD1A-44E86F22C430}.Debug|x64.ActiveCfg = Debug|Any CPU
		{AA6C1A1F-F7B2-47C1-AD1A-44E86F22C430}.Debug|x64.Build.0 = Debug|Any CPU
		{AA6C1A1F-F7B2-47C1-AD1A-44E86F22C430}.Debug|x86.ActiveCfg = Debug|Any CPU
		{AA6C1A1F-F7B2-47C1-AD1A-44E86F22C430}.Debug|x86.Build.0 = Debug|Any CPU
		{AA6C1A1F-F7B2-47C1-AD1A-44E86F22C430}.Release|Any CPU.ActiveCfg = Release|Any CPU
		{AA6C1A1F-F7B2-47C1-AD1A-44E86F22C430}.Release|Any CPU.Build.0 = Release|Any CPU
		{AA6C1A1F-F7B2-47C1-AD1A-44E86F22C430}.Release|x64.ActiveCfg = Release|Any CPU
		{AA6C1A1F-F7B2-47C1-AD1A-44E86F22C430}.Release|x64.Build.0 = Release|Any CPU
		{AA6C1A1F-F7B2-47C1-AD1A-44E86F22C430}.Release|x86.ActiveCfg = Release|Any CPU
		{AA6C1A1F-F7B2-47C1-AD1A-44E86F22C430}.Release|x86.Build.0 = Release|Any CPU
		{08113C18-29C1-4F0C-BDF1-9A8BBC9195BE}.Debug|Any CPU.ActiveCfg = Debug|Any CPU
		{08113C18-29C1-4F0C-BDF1-9A8BBC9195BE}.Debug|Any CPU.Build.0 = Debug|Any CPU
		{08113C18-29C1-4F0C-BDF1-9A8BBC9195BE}.Debug|x64.ActiveCfg = Debug|Any CPU
		{08113C18-29C1-4F0C-BDF1-9A8BBC9195BE}.Debug|x64.Build.0 = Debug|Any CPU
		{08113C18-29C1-4F0C-BDF1-9A8BBC9195BE}.Debug|x86.ActiveCfg = Debug|Any CPU
		{08113C18-29C1-4F0C-BDF1-9A8BBC9195BE}.Debug|x86.Build.0 = Debug|Any CPU
		{08113C18-29C1-4F0C-BDF1-9A8BBC9195BE}.Release|Any CPU.ActiveCfg = Release|Any CPU
		{08113C18-29C1-4F0C-BDF1-9A8BBC9195BE}.Release|Any CPU.Build.0 = Release|Any CPU
		{08113C18-29C1-4F0C-BDF1-9A8BBC9195BE}.Release|x64.ActiveCfg = Release|Any CPU
		{08113C18-29C1-4F0C-BDF1-9A8BBC9195BE}.Release|x64.Build.0 = Release|Any CPU
		{08113C18-29C1-4F0C-BDF1-9A8BBC9195BE}.Release|x86.ActiveCfg = Release|Any CPU
		{08113C18-29C1-4F0C-BDF1-9A8BBC9195BE}.Release|x86.Build.0 = Release|Any CPU
		{20FDE854-E0A4-4DE4-B080-43A8CCD4B281}.Debug|Any CPU.ActiveCfg = Debug|Any CPU
		{20FDE854-E0A4-4DE4-B080-43A8CCD4B281}.Debug|Any CPU.Build.0 = Debug|Any CPU
		{20FDE854-E0A4-4DE4-B080-43A8CCD4B281}.Debug|x64.ActiveCfg = Debug|Any CPU
		{20FDE854-E0A4-4DE4-B080-43A8CCD4B281}.Debug|x64.Build.0 = Debug|Any CPU
		{20FDE854-E0A4-4DE4-B080-43A8CCD4B281}.Debug|x86.ActiveCfg = Debug|Any CPU
		{20FDE854-E0A4-4DE4-B080-43A8CCD4B281}.Debug|x86.Build.0 = Debug|Any CPU
		{20FDE854-E0A4-4DE4-B080-43A8CCD4B281}.Release|Any CPU.ActiveCfg = Release|Any CPU
		{20FDE854-E0A4-4DE4-B080-43A8CCD4B281}.Release|Any CPU.Build.0 = Release|Any CPU
		{20FDE854-E0A4-4DE4-B080-43A8CCD4B281}.Release|x64.ActiveCfg = Release|Any CPU
		{20FDE854-E0A4-4DE4-B080-43A8CCD4B281}.Release|x64.Build.0 = Release|Any CPU
		{20FDE854-E0A4-4DE4-B080-43A8CCD4B281}.Release|x86.ActiveCfg = Release|Any CPU
		{20FDE854-E0A4-4DE4-B080-43A8CCD4B281}.Release|x86.Build.0 = Release|Any CPU
		{745FA099-6FB2-4CE3-9D62-557911FB5DF7}.Debug|Any CPU.ActiveCfg = Debug|Any CPU
		{745FA099-6FB2-4CE3-9D62-557911FB5DF7}.Debug|Any CPU.Build.0 = Debug|Any CPU
		{745FA099-6FB2-4CE3-9D62-557911FB5DF7}.Debug|x64.ActiveCfg = Debug|Any CPU
		{745FA099-6FB2-4CE3-9D62-557911FB5DF7}.Debug|x64.Build.0 = Debug|Any CPU
		{745FA099-6FB2-4CE3-9D62-557911FB5DF7}.Debug|x86.ActiveCfg = Debug|Any CPU
		{745FA099-6FB2-4CE3-9D62-557911FB5DF7}.Debug|x86.Build.0 = Debug|Any CPU
		{745FA099-6FB2-4CE3-9D62-557911FB5DF7}.Release|Any CPU.ActiveCfg = Release|Any CPU
		{745FA099-6FB2-4CE3-9D62-557911FB5DF7}.Release|Any CPU.Build.0 = Release|Any CPU
		{745FA099-6FB2-4CE3-9D62-557911FB5DF7}.Release|x64.ActiveCfg = Release|Any CPU
		{745FA099-6FB2-4CE3-9D62-557911FB5DF7}.Release|x64.Build.0 = Release|Any CPU
		{745FA099-6FB2-4CE3-9D62-557911FB5DF7}.Release|x86.ActiveCfg = Release|Any CPU
		{745FA099-6FB2-4CE3-9D62-557911FB5DF7}.Release|x86.Build.0 = Release|Any CPU
		{0C8728FF-2D9E-40D8-8633-79E7F80F70E5}.Debug|Any CPU.ActiveCfg = Debug|Any CPU
		{0C8728FF-2D9E-40D8-8633-79E7F80F70E5}.Debug|Any CPU.Build.0 = Debug|Any CPU
		{0C8728FF-2D9E-40D8-8633-79E7F80F70E5}.Debug|x64.ActiveCfg = Debug|Any CPU
		{0C8728FF-2D9E-40D8-8633-79E7F80F70E5}.Debug|x64.Build.0 = Debug|Any CPU
		{0C8728FF-2D9E-40D8-8633-79E7F80F70E5}.Debug|x86.ActiveCfg = Debug|Any CPU
		{0C8728FF-2D9E-40D8-8633-79E7F80F70E5}.Debug|x86.Build.0 = Debug|Any CPU
		{0C8728FF-2D9E-40D8-8633-79E7F80F70E5}.Release|Any CPU.ActiveCfg = Release|Any CPU
		{0C8728FF-2D9E-40D8-8633-79E7F80F70E5}.Release|Any CPU.Build.0 = Release|Any CPU
		{0C8728FF-2D9E-40D8-8633-79E7F80F70E5}.Release|x64.ActiveCfg = Release|Any CPU
		{0C8728FF-2D9E-40D8-8633-79E7F80F70E5}.Release|x64.Build.0 = Release|Any CPU
		{0C8728FF-2D9E-40D8-8633-79E7F80F70E5}.Release|x86.ActiveCfg = Release|Any CPU
		{0C8728FF-2D9E-40D8-8633-79E7F80F70E5}.Release|x86.Build.0 = Release|Any CPU
		{4380889B-ED45-48AC-AE60-1461F809DC64}.Debug|Any CPU.ActiveCfg = Debug|Any CPU
		{4380889B-ED45-48AC-AE60-1461F809DC64}.Debug|Any CPU.Build.0 = Debug|Any CPU
		{4380889B-ED45-48AC-AE60-1461F809DC64}.Debug|x64.ActiveCfg = Debug|Any CPU
		{4380889B-ED45-48AC-AE60-1461F809DC64}.Debug|x64.Build.0 = Debug|Any CPU
		{4380889B-ED45-48AC-AE60-1461F809DC64}.Debug|x86.ActiveCfg = Debug|Any CPU
		{4380889B-ED45-48AC-AE60-1461F809DC64}.Debug|x86.Build.0 = Debug|Any CPU
		{4380889B-ED45-48AC-AE60-1461F809DC64}.Release|Any CPU.ActiveCfg = Release|Any CPU
		{4380889B-ED45-48AC-AE60-1461F809DC64}.Release|Any CPU.Build.0 = Release|Any CPU
		{4380889B-ED45-48AC-AE60-1461F809DC64}.Release|x64.ActiveCfg = Release|Any CPU
		{4380889B-ED45-48AC-AE60-1461F809DC64}.Release|x64.Build.0 = Release|Any CPU
		{4380889B-ED45-48AC-AE60-1461F809DC64}.Release|x86.ActiveCfg = Release|Any CPU
		{4380889B-ED45-48AC-AE60-1461F809DC64}.Release|x86.Build.0 = Release|Any CPU
		{2B456604-3EC6-4098-B74E-3E2063FCFF24}.Debug|Any CPU.ActiveCfg = Debug|Any CPU
		{2B456604-3EC6-4098-B74E-3E2063FCFF24}.Debug|Any CPU.Build.0 = Debug|Any CPU
		{2B456604-3EC6-4098-B74E-3E2063FCFF24}.Debug|x64.ActiveCfg = Debug|Any CPU
		{2B456604-3EC6-4098-B74E-3E2063FCFF24}.Debug|x64.Build.0 = Debug|Any CPU
		{2B456604-3EC6-4098-B74E-3E2063FCFF24}.Debug|x86.ActiveCfg = Debug|Any CPU
		{2B456604-3EC6-4098-B74E-3E2063FCFF24}.Debug|x86.Build.0 = Debug|Any CPU
		{2B456604-3EC6-4098-B74E-3E2063FCFF24}.Release|Any CPU.ActiveCfg = Release|Any CPU
		{2B456604-3EC6-4098-B74E-3E2063FCFF24}.Release|Any CPU.Build.0 = Release|Any CPU
		{2B456604-3EC6-4098-B74E-3E2063FCFF24}.Release|x64.ActiveCfg = Release|Any CPU
		{2B456604-3EC6-4098-B74E-3E2063FCFF24}.Release|x64.Build.0 = Release|Any CPU
		{2B456604-3EC6-4098-B74E-3E2063FCFF24}.Release|x86.ActiveCfg = Release|Any CPU
		{2B456604-3EC6-4098-B74E-3E2063FCFF24}.Release|x86.Build.0 = Release|Any CPU
		{24B8D218-EBEF-48F0-BE8A-50A82FFE103B}.Debug|Any CPU.ActiveCfg = Debug|Any CPU
		{24B8D218-EBEF-48F0-BE8A-50A82FFE103B}.Debug|Any CPU.Build.0 = Debug|Any CPU
		{24B8D218-EBEF-48F0-BE8A-50A82FFE103B}.Debug|x64.ActiveCfg = Debug|Any CPU
		{24B8D218-EBEF-48F0-BE8A-50A82FFE103B}.Debug|x64.Build.0 = Debug|Any CPU
		{24B8D218-EBEF-48F0-BE8A-50A82FFE103B}.Debug|x86.ActiveCfg = Debug|Any CPU
		{24B8D218-EBEF-48F0-BE8A-50A82FFE103B}.Debug|x86.Build.0 = Debug|Any CPU
		{24B8D218-EBEF-48F0-BE8A-50A82FFE103B}.Release|Any CPU.ActiveCfg = Release|Any CPU
		{24B8D218-EBEF-48F0-BE8A-50A82FFE103B}.Release|Any CPU.Build.0 = Release|Any CPU
		{24B8D218-EBEF-48F0-BE8A-50A82FFE103B}.Release|x64.ActiveCfg = Release|Any CPU
		{24B8D218-EBEF-48F0-BE8A-50A82FFE103B}.Release|x64.Build.0 = Release|Any CPU
		{24B8D218-EBEF-48F0-BE8A-50A82FFE103B}.Release|x86.ActiveCfg = Release|Any CPU
		{24B8D218-EBEF-48F0-BE8A-50A82FFE103B}.Release|x86.Build.0 = Release|Any CPU
		{4F5C8CAD-7837-4205-B879-859601365E84}.Debug|Any CPU.ActiveCfg = Debug|Any CPU
		{4F5C8CAD-7837-4205-B879-859601365E84}.Debug|Any CPU.Build.0 = Debug|Any CPU
		{4F5C8CAD-7837-4205-B879-859601365E84}.Debug|x64.ActiveCfg = Debug|Any CPU
		{4F5C8CAD-7837-4205-B879-859601365E84}.Debug|x64.Build.0 = Debug|Any CPU
		{4F5C8CAD-7837-4205-B879-859601365E84}.Debug|x86.ActiveCfg = Debug|Any CPU
		{4F5C8CAD-7837-4205-B879-859601365E84}.Debug|x86.Build.0 = Debug|Any CPU
		{4F5C8CAD-7837-4205-B879-859601365E84}.Release|Any CPU.ActiveCfg = Release|Any CPU
		{4F5C8CAD-7837-4205-B879-859601365E84}.Release|Any CPU.Build.0 = Release|Any CPU
		{4F5C8CAD-7837-4205-B879-859601365E84}.Release|x64.ActiveCfg = Release|Any CPU
		{4F5C8CAD-7837-4205-B879-859601365E84}.Release|x64.Build.0 = Release|Any CPU
		{4F5C8CAD-7837-4205-B879-859601365E84}.Release|x86.ActiveCfg = Release|Any CPU
		{4F5C8CAD-7837-4205-B879-859601365E84}.Release|x86.Build.0 = Release|Any CPU
		{2D761475-7613-4BEC-9007-ACB7E3DD5018}.Debug|Any CPU.ActiveCfg = Debug|Any CPU
		{2D761475-7613-4BEC-9007-ACB7E3DD5018}.Debug|Any CPU.Build.0 = Debug|Any CPU
		{2D761475-7613-4BEC-9007-ACB7E3DD5018}.Debug|x64.ActiveCfg = Debug|Any CPU
		{2D761475-7613-4BEC-9007-ACB7E3DD5018}.Debug|x64.Build.0 = Debug|Any CPU
		{2D761475-7613-4BEC-9007-ACB7E3DD5018}.Debug|x86.ActiveCfg = Debug|Any CPU
		{2D761475-7613-4BEC-9007-ACB7E3DD5018}.Debug|x86.Build.0 = Debug|Any CPU
		{2D761475-7613-4BEC-9007-ACB7E3DD5018}.Release|Any CPU.ActiveCfg = Release|Any CPU
		{2D761475-7613-4BEC-9007-ACB7E3DD5018}.Release|Any CPU.Build.0 = Release|Any CPU
		{2D761475-7613-4BEC-9007-ACB7E3DD5018}.Release|x64.ActiveCfg = Release|Any CPU
		{2D761475-7613-4BEC-9007-ACB7E3DD5018}.Release|x64.Build.0 = Release|Any CPU
		{2D761475-7613-4BEC-9007-ACB7E3DD5018}.Release|x86.ActiveCfg = Release|Any CPU
		{2D761475-7613-4BEC-9007-ACB7E3DD5018}.Release|x86.Build.0 = Release|Any CPU
		{0727ADCA-E81D-4F9A-BEF6-691A2FB31C5D}.Debug|Any CPU.ActiveCfg = Debug|Any CPU
		{0727ADCA-E81D-4F9A-BEF6-691A2FB31C5D}.Debug|Any CPU.Build.0 = Debug|Any CPU
		{0727ADCA-E81D-4F9A-BEF6-691A2FB31C5D}.Debug|x64.ActiveCfg = Debug|Any CPU
		{0727ADCA-E81D-4F9A-BEF6-691A2FB31C5D}.Debug|x64.Build.0 = Debug|Any CPU
		{0727ADCA-E81D-4F9A-BEF6-691A2FB31C5D}.Debug|x86.ActiveCfg = Debug|Any CPU
		{0727ADCA-E81D-4F9A-BEF6-691A2FB31C5D}.Debug|x86.Build.0 = Debug|Any CPU
		{0727ADCA-E81D-4F9A-BEF6-691A2FB31C5D}.Release|Any CPU.ActiveCfg = Release|Any CPU
		{0727ADCA-E81D-4F9A-BEF6-691A2FB31C5D}.Release|Any CPU.Build.0 = Release|Any CPU
		{0727ADCA-E81D-4F9A-BEF6-691A2FB31C5D}.Release|x64.ActiveCfg = Release|Any CPU
		{0727ADCA-E81D-4F9A-BEF6-691A2FB31C5D}.Release|x64.Build.0 = Release|Any CPU
		{0727ADCA-E81D-4F9A-BEF6-691A2FB31C5D}.Release|x86.ActiveCfg = Release|Any CPU
		{0727ADCA-E81D-4F9A-BEF6-691A2FB31C5D}.Release|x86.Build.0 = Release|Any CPU
		{3CA49268-2FC2-442E-B22F-B67D0ADEFE97}.Debug|Any CPU.ActiveCfg = Debug|Any CPU
		{3CA49268-2FC2-442E-B22F-B67D0ADEFE97}.Debug|Any CPU.Build.0 = Debug|Any CPU
		{3CA49268-2FC2-442E-B22F-B67D0ADEFE97}.Debug|x64.ActiveCfg = Debug|Any CPU
		{3CA49268-2FC2-442E-B22F-B67D0ADEFE97}.Debug|x64.Build.0 = Debug|Any CPU
		{3CA49268-2FC2-442E-B22F-B67D0ADEFE97}.Debug|x86.ActiveCfg = Debug|Any CPU
		{3CA49268-2FC2-442E-B22F-B67D0ADEFE97}.Debug|x86.Build.0 = Debug|Any CPU
		{3CA49268-2FC2-442E-B22F-B67D0ADEFE97}.Release|Any CPU.ActiveCfg = Release|Any CPU
		{3CA49268-2FC2-442E-B22F-B67D0ADEFE97}.Release|Any CPU.Build.0 = Release|Any CPU
		{3CA49268-2FC2-442E-B22F-B67D0ADEFE97}.Release|x64.ActiveCfg = Release|Any CPU
		{3CA49268-2FC2-442E-B22F-B67D0ADEFE97}.Release|x64.Build.0 = Release|Any CPU
		{3CA49268-2FC2-442E-B22F-B67D0ADEFE97}.Release|x86.ActiveCfg = Release|Any CPU
		{3CA49268-2FC2-442E-B22F-B67D0ADEFE97}.Release|x86.Build.0 = Release|Any CPU
		{DDACA9CC-4D36-4F8C-AA1F-0F171475680C}.Debug|Any CPU.ActiveCfg = Debug|Any CPU
		{DDACA9CC-4D36-4F8C-AA1F-0F171475680C}.Debug|Any CPU.Build.0 = Debug|Any CPU
		{DDACA9CC-4D36-4F8C-AA1F-0F171475680C}.Debug|x64.ActiveCfg = Debug|Any CPU
		{DDACA9CC-4D36-4F8C-AA1F-0F171475680C}.Debug|x64.Build.0 = Debug|Any CPU
		{DDACA9CC-4D36-4F8C-AA1F-0F171475680C}.Debug|x86.ActiveCfg = Debug|Any CPU
		{DDACA9CC-4D36-4F8C-AA1F-0F171475680C}.Debug|x86.Build.0 = Debug|Any CPU
		{DDACA9CC-4D36-4F8C-AA1F-0F171475680C}.Release|Any CPU.ActiveCfg = Release|Any CPU
		{DDACA9CC-4D36-4F8C-AA1F-0F171475680C}.Release|Any CPU.Build.0 = Release|Any CPU
		{DDACA9CC-4D36-4F8C-AA1F-0F171475680C}.Release|x64.ActiveCfg = Release|Any CPU
		{DDACA9CC-4D36-4F8C-AA1F-0F171475680C}.Release|x64.Build.0 = Release|Any CPU
		{DDACA9CC-4D36-4F8C-AA1F-0F171475680C}.Release|x86.ActiveCfg = Release|Any CPU
		{DDACA9CC-4D36-4F8C-AA1F-0F171475680C}.Release|x86.Build.0 = Release|Any CPU
		{75C4FD1E-5FE2-4932-B868-E1D19A78CA02}.Debug|Any CPU.ActiveCfg = Debug|Any CPU
		{75C4FD1E-5FE2-4932-B868-E1D19A78CA02}.Debug|Any CPU.Build.0 = Debug|Any CPU
		{75C4FD1E-5FE2-4932-B868-E1D19A78CA02}.Debug|x64.ActiveCfg = Debug|Any CPU
		{75C4FD1E-5FE2-4932-B868-E1D19A78CA02}.Debug|x64.Build.0 = Debug|Any CPU
		{75C4FD1E-5FE2-4932-B868-E1D19A78CA02}.Debug|x86.ActiveCfg = Debug|Any CPU
		{75C4FD1E-5FE2-4932-B868-E1D19A78CA02}.Debug|x86.Build.0 = Debug|Any CPU
		{75C4FD1E-5FE2-4932-B868-E1D19A78CA02}.Release|Any CPU.ActiveCfg = Release|Any CPU
		{75C4FD1E-5FE2-4932-B868-E1D19A78CA02}.Release|Any CPU.Build.0 = Release|Any CPU
		{75C4FD1E-5FE2-4932-B868-E1D19A78CA02}.Release|x64.ActiveCfg = Release|Any CPU
		{75C4FD1E-5FE2-4932-B868-E1D19A78CA02}.Release|x64.Build.0 = Release|Any CPU
		{75C4FD1E-5FE2-4932-B868-E1D19A78CA02}.Release|x86.ActiveCfg = Release|Any CPU
		{75C4FD1E-5FE2-4932-B868-E1D19A78CA02}.Release|x86.Build.0 = Release|Any CPU
		{90029C59-B1F9-4697-B767-9517D1C4EBBF}.Debug|Any CPU.ActiveCfg = Debug|Any CPU
		{90029C59-B1F9-4697-B767-9517D1C4EBBF}.Debug|Any CPU.Build.0 = Debug|Any CPU
		{90029C59-B1F9-4697-B767-9517D1C4EBBF}.Debug|x64.ActiveCfg = Debug|Any CPU
		{90029C59-B1F9-4697-B767-9517D1C4EBBF}.Debug|x64.Build.0 = Debug|Any CPU
		{90029C59-B1F9-4697-B767-9517D1C4EBBF}.Debug|x86.ActiveCfg = Debug|Any CPU
		{90029C59-B1F9-4697-B767-9517D1C4EBBF}.Debug|x86.Build.0 = Debug|Any CPU
		{90029C59-B1F9-4697-B767-9517D1C4EBBF}.Release|Any CPU.ActiveCfg = Release|Any CPU
		{90029C59-B1F9-4697-B767-9517D1C4EBBF}.Release|Any CPU.Build.0 = Release|Any CPU
		{90029C59-B1F9-4697-B767-9517D1C4EBBF}.Release|x64.ActiveCfg = Release|Any CPU
		{90029C59-B1F9-4697-B767-9517D1C4EBBF}.Release|x64.Build.0 = Release|Any CPU
		{90029C59-B1F9-4697-B767-9517D1C4EBBF}.Release|x86.ActiveCfg = Release|Any CPU
		{90029C59-B1F9-4697-B767-9517D1C4EBBF}.Release|x86.Build.0 = Release|Any CPU
		{A2C66874-F918-4149-AEFB-C805D3D7C660}.Debug|Any CPU.ActiveCfg = Debug|Any CPU
		{A2C66874-F918-4149-AEFB-C805D3D7C660}.Debug|Any CPU.Build.0 = Debug|Any CPU
		{A2C66874-F918-4149-AEFB-C805D3D7C660}.Debug|x64.ActiveCfg = Debug|Any CPU
		{A2C66874-F918-4149-AEFB-C805D3D7C660}.Debug|x64.Build.0 = Debug|Any CPU
		{A2C66874-F918-4149-AEFB-C805D3D7C660}.Debug|x86.ActiveCfg = Debug|Any CPU
		{A2C66874-F918-4149-AEFB-C805D3D7C660}.Debug|x86.Build.0 = Debug|Any CPU
		{A2C66874-F918-4149-AEFB-C805D3D7C660}.Release|Any CPU.ActiveCfg = Release|Any CPU
		{A2C66874-F918-4149-AEFB-C805D3D7C660}.Release|Any CPU.Build.0 = Release|Any CPU
		{A2C66874-F918-4149-AEFB-C805D3D7C660}.Release|x64.ActiveCfg = Release|Any CPU
		{A2C66874-F918-4149-AEFB-C805D3D7C660}.Release|x64.Build.0 = Release|Any CPU
		{A2C66874-F918-4149-AEFB-C805D3D7C660}.Release|x86.ActiveCfg = Release|Any CPU
		{A2C66874-F918-4149-AEFB-C805D3D7C660}.Release|x86.Build.0 = Release|Any CPU
		{5B917315-EAB8-429A-8E79-CAEDCD2BB87B}.Debug|Any CPU.ActiveCfg = Debug|Any CPU
		{5B917315-EAB8-429A-8E79-CAEDCD2BB87B}.Debug|Any CPU.Build.0 = Debug|Any CPU
		{5B917315-EAB8-429A-8E79-CAEDCD2BB87B}.Debug|x64.ActiveCfg = Debug|Any CPU
		{5B917315-EAB8-429A-8E79-CAEDCD2BB87B}.Debug|x64.Build.0 = Debug|Any CPU
		{5B917315-EAB8-429A-8E79-CAEDCD2BB87B}.Debug|x86.ActiveCfg = Debug|Any CPU
		{5B917315-EAB8-429A-8E79-CAEDCD2BB87B}.Debug|x86.Build.0 = Debug|Any CPU
		{5B917315-EAB8-429A-8E79-CAEDCD2BB87B}.Release|Any CPU.ActiveCfg = Release|Any CPU
		{5B917315-EAB8-429A-8E79-CAEDCD2BB87B}.Release|Any CPU.Build.0 = Release|Any CPU
		{5B917315-EAB8-429A-8E79-CAEDCD2BB87B}.Release|x64.ActiveCfg = Release|Any CPU
		{5B917315-EAB8-429A-8E79-CAEDCD2BB87B}.Release|x64.Build.0 = Release|Any CPU
		{5B917315-EAB8-429A-8E79-CAEDCD2BB87B}.Release|x86.ActiveCfg = Release|Any CPU
		{5B917315-EAB8-429A-8E79-CAEDCD2BB87B}.Release|x86.Build.0 = Release|Any CPU
		{1570C556-58C8-44A4-A0CB-A193899C0FEC}.Debug|Any CPU.ActiveCfg = Debug|Any CPU
		{1570C556-58C8-44A4-A0CB-A193899C0FEC}.Debug|Any CPU.Build.0 = Debug|Any CPU
		{1570C556-58C8-44A4-A0CB-A193899C0FEC}.Debug|x64.ActiveCfg = Debug|Any CPU
		{1570C556-58C8-44A4-A0CB-A193899C0FEC}.Debug|x64.Build.0 = Debug|Any CPU
		{1570C556-58C8-44A4-A0CB-A193899C0FEC}.Debug|x86.ActiveCfg = Debug|Any CPU
		{1570C556-58C8-44A4-A0CB-A193899C0FEC}.Debug|x86.Build.0 = Debug|Any CPU
		{1570C556-58C8-44A4-A0CB-A193899C0FEC}.Release|Any CPU.ActiveCfg = Release|Any CPU
		{1570C556-58C8-44A4-A0CB-A193899C0FEC}.Release|Any CPU.Build.0 = Release|Any CPU
		{1570C556-58C8-44A4-A0CB-A193899C0FEC}.Release|x64.ActiveCfg = Release|Any CPU
		{1570C556-58C8-44A4-A0CB-A193899C0FEC}.Release|x64.Build.0 = Release|Any CPU
		{1570C556-58C8-44A4-A0CB-A193899C0FEC}.Release|x86.ActiveCfg = Release|Any CPU
		{1570C556-58C8-44A4-A0CB-A193899C0FEC}.Release|x86.Build.0 = Release|Any CPU
		{9EF03656-EEED-4EBF-8ACD-D9C25BAD097B}.Debug|Any CPU.ActiveCfg = Debug|Any CPU
		{9EF03656-EEED-4EBF-8ACD-D9C25BAD097B}.Debug|Any CPU.Build.0 = Debug|Any CPU
		{9EF03656-EEED-4EBF-8ACD-D9C25BAD097B}.Debug|x64.ActiveCfg = Debug|Any CPU
		{9EF03656-EEED-4EBF-8ACD-D9C25BAD097B}.Debug|x64.Build.0 = Debug|Any CPU
		{9EF03656-EEED-4EBF-8ACD-D9C25BAD097B}.Debug|x86.ActiveCfg = Debug|Any CPU
		{9EF03656-EEED-4EBF-8ACD-D9C25BAD097B}.Debug|x86.Build.0 = Debug|Any CPU
		{9EF03656-EEED-4EBF-8ACD-D9C25BAD097B}.Release|Any CPU.ActiveCfg = Release|Any CPU
		{9EF03656-EEED-4EBF-8ACD-D9C25BAD097B}.Release|Any CPU.Build.0 = Release|Any CPU
		{9EF03656-EEED-4EBF-8ACD-D9C25BAD097B}.Release|x64.ActiveCfg = Release|Any CPU
		{9EF03656-EEED-4EBF-8ACD-D9C25BAD097B}.Release|x64.Build.0 = Release|Any CPU
		{9EF03656-EEED-4EBF-8ACD-D9C25BAD097B}.Release|x86.ActiveCfg = Release|Any CPU
		{9EF03656-EEED-4EBF-8ACD-D9C25BAD097B}.Release|x86.Build.0 = Release|Any CPU
		{1C62EC0B-FD45-4B65-9DCA-FCCC1C271D7F}.Debug|Any CPU.ActiveCfg = Debug|Any CPU
		{1C62EC0B-FD45-4B65-9DCA-FCCC1C271D7F}.Debug|Any CPU.Build.0 = Debug|Any CPU
		{1C62EC0B-FD45-4B65-9DCA-FCCC1C271D7F}.Debug|x64.ActiveCfg = Debug|Any CPU
		{1C62EC0B-FD45-4B65-9DCA-FCCC1C271D7F}.Debug|x64.Build.0 = Debug|Any CPU
		{1C62EC0B-FD45-4B65-9DCA-FCCC1C271D7F}.Debug|x86.ActiveCfg = Debug|Any CPU
		{1C62EC0B-FD45-4B65-9DCA-FCCC1C271D7F}.Debug|x86.Build.0 = Debug|Any CPU
		{1C62EC0B-FD45-4B65-9DCA-FCCC1C271D7F}.Release|Any CPU.ActiveCfg = Release|Any CPU
		{1C62EC0B-FD45-4B65-9DCA-FCCC1C271D7F}.Release|Any CPU.Build.0 = Release|Any CPU
		{1C62EC0B-FD45-4B65-9DCA-FCCC1C271D7F}.Release|x64.ActiveCfg = Release|Any CPU
		{1C62EC0B-FD45-4B65-9DCA-FCCC1C271D7F}.Release|x64.Build.0 = Release|Any CPU
		{1C62EC0B-FD45-4B65-9DCA-FCCC1C271D7F}.Release|x86.ActiveCfg = Release|Any CPU
		{1C62EC0B-FD45-4B65-9DCA-FCCC1C271D7F}.Release|x86.Build.0 = Release|Any CPU
		{D94247C6-E51A-408E-9606-971AD00EF730}.Debug|Any CPU.ActiveCfg = Debug|Any CPU
		{D94247C6-E51A-408E-9606-971AD00EF730}.Debug|Any CPU.Build.0 = Debug|Any CPU
		{D94247C6-E51A-408E-9606-971AD00EF730}.Debug|x64.ActiveCfg = Debug|Any CPU
		{D94247C6-E51A-408E-9606-971AD00EF730}.Debug|x64.Build.0 = Debug|Any CPU
		{D94247C6-E51A-408E-9606-971AD00EF730}.Debug|x86.ActiveCfg = Debug|Any CPU
		{D94247C6-E51A-408E-9606-971AD00EF730}.Debug|x86.Build.0 = Debug|Any CPU
		{D94247C6-E51A-408E-9606-971AD00EF730}.Release|Any CPU.ActiveCfg = Release|Any CPU
		{D94247C6-E51A-408E-9606-971AD00EF730}.Release|Any CPU.Build.0 = Release|Any CPU
		{D94247C6-E51A-408E-9606-971AD00EF730}.Release|x64.ActiveCfg = Release|Any CPU
		{D94247C6-E51A-408E-9606-971AD00EF730}.Release|x64.Build.0 = Release|Any CPU
		{D94247C6-E51A-408E-9606-971AD00EF730}.Release|x86.ActiveCfg = Release|Any CPU
		{D94247C6-E51A-408E-9606-971AD00EF730}.Release|x86.Build.0 = Release|Any CPU
		{EC7AB9FB-1F41-4EC6-AB94-4C88789229D6}.Debug|Any CPU.ActiveCfg = Debug|Any CPU
		{EC7AB9FB-1F41-4EC6-AB94-4C88789229D6}.Debug|Any CPU.Build.0 = Debug|Any CPU
		{EC7AB9FB-1F41-4EC6-AB94-4C88789229D6}.Debug|x64.ActiveCfg = Debug|Any CPU
		{EC7AB9FB-1F41-4EC6-AB94-4C88789229D6}.Debug|x64.Build.0 = Debug|Any CPU
		{EC7AB9FB-1F41-4EC6-AB94-4C88789229D6}.Debug|x86.ActiveCfg = Debug|Any CPU
		{EC7AB9FB-1F41-4EC6-AB94-4C88789229D6}.Debug|x86.Build.0 = Debug|Any CPU
		{EC7AB9FB-1F41-4EC6-AB94-4C88789229D6}.Release|Any CPU.ActiveCfg = Release|Any CPU
		{EC7AB9FB-1F41-4EC6-AB94-4C88789229D6}.Release|Any CPU.Build.0 = Release|Any CPU
		{EC7AB9FB-1F41-4EC6-AB94-4C88789229D6}.Release|x64.ActiveCfg = Release|Any CPU
		{EC7AB9FB-1F41-4EC6-AB94-4C88789229D6}.Release|x64.Build.0 = Release|Any CPU
		{EC7AB9FB-1F41-4EC6-AB94-4C88789229D6}.Release|x86.ActiveCfg = Release|Any CPU
		{EC7AB9FB-1F41-4EC6-AB94-4C88789229D6}.Release|x86.Build.0 = Release|Any CPU
	EndGlobalSection
	GlobalSection(SolutionProperties) = preSolution
		HideSolutionNode = FALSE
	EndGlobalSection
	GlobalSection(NestedProjects) = preSolution
		{C5ECF3F0-87F2-475D-B4A2-1B7E02DB975B} = {1FE71CC5-8C74-4544-8EC5-2CF5006FAC60}
		{51409F04-C440-401A-9D36-AC4D84E74235} = {C5ECF3F0-87F2-475D-B4A2-1B7E02DB975B}
		{917B3A31-F982-474E-812C-7B0D9F09B5A0} = {C5ECF3F0-87F2-475D-B4A2-1B7E02DB975B}
		{D7B7E5C1-24A1-40BA-A7FE-4FD4432146BE} = {C5ECF3F0-87F2-475D-B4A2-1B7E02DB975B}
		{2BEA6C9E-D7BA-45F3-A7B8-F7BC6F641B22} = {C5ECF3F0-87F2-475D-B4A2-1B7E02DB975B}
		{27D60637-AC04-4429-B53F-E84A25A77144} = {7DA49FBD-CAB8-48A6-B5EF-F4907224F323}
		{1F7E926F-B7EB-4455-8294-D502AD961490} = {C5ECF3F0-87F2-475D-B4A2-1B7E02DB975B}
		{83DC89BF-171E-4DDF-B47E-5EAEE5711359} = {D7B7E5C1-24A1-40BA-A7FE-4FD4432146BE}
		{CC747013-2327-4293-8B90-BE83398BD378} = {D7B7E5C1-24A1-40BA-A7FE-4FD4432146BE}
		{135A8FDC-83C2-4D04-8BA9-CF534B61F12A} = {51409F04-C440-401A-9D36-AC4D84E74235}
		{5EE0CA72-C1FA-4B03-B697-2B8AAA136ABB} = {917B3A31-F982-474E-812C-7B0D9F09B5A0}
		{ADCBC743-C119-4ED2-BFD9-DDC78DF4216B} = {C5ECF3F0-87F2-475D-B4A2-1B7E02DB975B}
		{99C6FBD1-D8C7-4728-B589-A17D6B52FC86} = {C5ECF3F0-87F2-475D-B4A2-1B7E02DB975B}
		{26AE1ED0-22A1-4BE1-81CA-926F287724AB} = {C5ECF3F0-87F2-475D-B4A2-1B7E02DB975B}
		{AA6C1A1F-F7B2-47C1-AD1A-44E86F22C430} = {C5ECF3F0-87F2-475D-B4A2-1B7E02DB975B}
		{08113C18-29C1-4F0C-BDF1-9A8BBC9195BE} = {C5ECF3F0-87F2-475D-B4A2-1B7E02DB975B}
		{20FDE854-E0A4-4DE4-B080-43A8CCD4B281} = {C5ECF3F0-87F2-475D-B4A2-1B7E02DB975B}
		{745FA099-6FB2-4CE3-9D62-557911FB5DF7} = {C5ECF3F0-87F2-475D-B4A2-1B7E02DB975B}
		{0C8728FF-2D9E-40D8-8633-79E7F80F70E5} = {C5ECF3F0-87F2-475D-B4A2-1B7E02DB975B}
		{4380889B-ED45-48AC-AE60-1461F809DC64} = {2BEA6C9E-D7BA-45F3-A7B8-F7BC6F641B22}
		{2B456604-3EC6-4098-B74E-3E2063FCFF24} = {2BEA6C9E-D7BA-45F3-A7B8-F7BC6F641B22}
		{24B8D218-EBEF-48F0-BE8A-50A82FFE103B} = {7DA49FBD-CAB8-48A6-B5EF-F4907224F323}
		{4F5C8CAD-7837-4205-B879-859601365E84} = {C5ECF3F0-87F2-475D-B4A2-1B7E02DB975B}
		{2D761475-7613-4BEC-9007-ACB7E3DD5018} = {745D182B-4305-4B9B-A47B-BD62FB3F9D33}
		{0727ADCA-E81D-4F9A-BEF6-691A2FB31C5D} = {745D182B-4305-4B9B-A47B-BD62FB3F9D33}
		{DBB8FF9A-6F47-42CE-9BA4-8BADCA6CFCCF} = {7DA49FBD-CAB8-48A6-B5EF-F4907224F323}
		{3CA49268-2FC2-442E-B22F-B67D0ADEFE97} = {DBB8FF9A-6F47-42CE-9BA4-8BADCA6CFCCF}
		{DDACA9CC-4D36-4F8C-AA1F-0F171475680C} = {C5ECF3F0-87F2-475D-B4A2-1B7E02DB975B}
		{75C4FD1E-5FE2-4932-B868-E1D19A78CA02} = {D7B7E5C1-24A1-40BA-A7FE-4FD4432146BE}
		{90029C59-B1F9-4697-B767-9517D1C4EBBF} = {51409F04-C440-401A-9D36-AC4D84E74235}
		{A2C66874-F918-4149-AEFB-C805D3D7C660} = {7DA49FBD-CAB8-48A6-B5EF-F4907224F323}
		{5B917315-EAB8-429A-8E79-CAEDCD2BB87B} = {2BEA6C9E-D7BA-45F3-A7B8-F7BC6F641B22}
		{1570C556-58C8-44A4-A0CB-A193899C0FEC} = {2BEA6C9E-D7BA-45F3-A7B8-F7BC6F641B22}
		{62A9D4D4-970B-4D03-A154-7897AD632ED4} = {C5ECF3F0-87F2-475D-B4A2-1B7E02DB975B}
		{9EF03656-EEED-4EBF-8ACD-D9C25BAD097B} = {62A9D4D4-970B-4D03-A154-7897AD632ED4}
		{1C62EC0B-FD45-4B65-9DCA-FCCC1C271D7F} = {7DA49FBD-CAB8-48A6-B5EF-F4907224F323}
		{D94247C6-E51A-408E-9606-971AD00EF730} = {D7B7E5C1-24A1-40BA-A7FE-4FD4432146BE}
		{91EAD754-8E36-4777-B6CB-498D3F65BA44} = {7DA49FBD-CAB8-48A6-B5EF-F4907224F323}
		{C24DF3E2-79A2-4ED2-83E3-9A671859989A} = {91EAD754-8E36-4777-B6CB-498D3F65BA44}
		{EC7AB9FB-1F41-4EC6-AB94-4C88789229D6} = {C24DF3E2-79A2-4ED2-83E3-9A671859989A}
		{745D182B-4305-4B9B-A47B-BD62FB3F9D33} = {91EAD754-8E36-4777-B6CB-498D3F65BA44}
	EndGlobalSection
	GlobalSection(ExtensibilityGlobals) = postSolution
		SolutionGuid = {A07732F4-81FB-47FF-8B14-804D5CB292AC}
	EndGlobalSection
EndGlobal
